
Microsoft Visual Studio Solution File, Format Version 12.00
# Visual Studio Version 17
VisualStudioVersion = 17.5.002.0
MinimumVisualStudioVersion = 10.0.40219.1
Project("{9A19103F-16F7-4668-BE54-9A1E7A4F7556}") = "TillSystem", "TillSystem.csproj", "{147E160F-CF4E-483C-8A92-5CEC4B8B5A7D}"
EndProject
Global
	GlobalSection(SolutionConfigurationPlatforms) = preSolution
		Debug|Any CPU = Debug|Any CPU
		Release|Any CPU = Release|Any CPU
	EndGlobalSection
	GlobalSection(ProjectConfigurationPlatforms) = postSolution
		{147E160F-CF4E-483C-8A92-5CEC4B8B5A7D}.Debug|Any CPU.ActiveCfg = Debug|Any CPU
		{147E160F-CF4E-483C-8A92-5CEC4B8B5A7D}.Debug|Any CPU.Build.0 = Debug|Any CPU
		{147E160F-CF4E-483C-8A92-5CEC4B8B5A7D}.Release|Any CPU.ActiveCfg = Release|Any CPU
		{147E160F-CF4E-483C-8A92-5CEC4B8B5A7D}.Release|Any CPU.Build.0 = Release|Any CPU
	EndGlobalSection
	GlobalSection(SolutionProperties) = preSolution
		HideSolutionNode = FALSE
	EndGlobalSection
	GlobalSection(ExtensibilityGlobals) = postSolution
		SolutionGuid = {3A012BEE-0B3D-4195-8DEF-5976B5DCCF74}
	EndGlobalSection
EndGlobal
